
Microsoft Visual Studio Solution File, Format Version 12.00
# Visual Studio Version 16
VisualStudioVersion = 16.0.29306.81
MinimumVisualStudioVersion = 10.0.40219.1
Project("{8BC9CEB8-8B4A-11D0-8D11-00A0C91BC942}") = "1.CreateThread", "WindowsSystemPro.vcxproj", "{8A5D1524-A518-445F-9B33-E5E484A114F1}"
EndProject
Project("{8BC9CEB8-8B4A-11D0-8D11-00A0C91BC942}") = "2.ThreadExcept", "2.ThreadExcept\2.ThreadExcept.vcxproj", "{9EE707DB-C4FA-4F99-9620-3113A81AD939}"
EndProject
Project("{8BC9CEB8-8B4A-11D0-8D11-00A0C91BC942}") = "3.MyThread", "3.MyThread\3.MyThread.vcxproj", "{C44C5B95-30D5-4575-B38C-8AD6349EC949}"
EndProject
Project("{8BC9CEB8-8B4A-11D0-8D11-00A0C91BC942}") = "4.InterLock", "4.InterLock\4.InterLock.vcxproj", "{CC8EB88D-AAC1-4E86-AFB4-D53DB0493F90}"
EndProject
Project("{8BC9CEB8-8B4A-11D0-8D11-00A0C91BC942}") = "5.MemBarrier", "5.MemBarrier\5.MemBarrier.vcxproj", "{220A9402-AFB4-427B-8B6D-8FE157BBC939}"
EndProject
Project("{8BC9CEB8-8B4A-11D0-8D11-00A0C91BC942}") = "6.WaitThread", "6.WaitThread\6.WaitThread.vcxproj", "{3F009CA3-AED0-42D6-B96F-340096917FAE}"
EndProject
Project("{8BC9CEB8-8B4A-11D0-8D11-00A0C91BC942}") = "7.MyThread_ModifyWait", "7.MyThread_ModifyWait\7.MyThread_ModifyWait.vcxproj", "{2BFF5BB5-F26C-4DAA-9149-7EBB11A80B63}"
EndProject
Project("{8BC9CEB8-8B4A-11D0-8D11-00A0C91BC942}") = "8.WaitMultiThreads", "8.WaitMultiThreads\8.WaitMultiThreads.vcxproj", "{5227C7B7-2BFC-4AD4-919B-489BEE8F9DF1}"
EndProject
Project("{8BC9CEB8-8B4A-11D0-8D11-00A0C91BC942}") = "9.MutexTest", "9.MutexTest\9.MutexTest.vcxproj", "{5E68C2A8-481B-4728-B3E2-44BF573AEC09}"
EndProject
Project("{8BC9CEB8-8B4A-11D0-8D11-00A0C91BC942}") = "10.MutexNoti", "10.MutexNoti\10.MutexNoti.vcxproj", "{4CB41052-31A0-49A8-BB94-9F2C05CCA236}"
EndProject
Project("{8BC9CEB8-8B4A-11D0-8D11-00A0C91BC942}") = "11.SemaphoreTest", "11.SemaphoreTest\11.SemaphoreTest.vcxproj", "{FA5B08B6-C663-4C4D-B196-086FE35CF288}"
EndProject
Project("{8BC9CEB8-8B4A-11D0-8D11-00A0C91BC942}") = "12.TPSemaphore", "12.TPSemaphore\12.TPSemaphore.vcxproj", "{05486B08-25C2-4287-84D2-8FDF08C58ED4}"
EndProject
Project("{8BC9CEB8-8B4A-11D0-8D11-00A0C91BC942}") = "13.WQSemaphore", "13.WQSemaphore\13.WQSemaphore.vcxproj", "{73657BF5-5572-43FE-B6C3-99DD6AAC3C2A}"
EndProject
Global
	GlobalSection(SolutionConfigurationPlatforms) = preSolution
		Debug|x64 = Debug|x64
		Debug|x86 = Debug|x86
		Release|x64 = Release|x64
		Release|x86 = Release|x86
	EndGlobalSection
	GlobalSection(ProjectConfigurationPlatforms) = postSolution
		{8A5D1524-A518-445F-9B33-E5E484A114F1}.Debug|x64.ActiveCfg = Debug|x64
		{8A5D1524-A518-445F-9B33-E5E484A114F1}.Debug|x64.Build.0 = Debug|x64
		{8A5D1524-A518-445F-9B33-E5E484A114F1}.Debug|x86.ActiveCfg = Debug|Win32
		{8A5D1524-A518-445F-9B33-E5E484A114F1}.Debug|x86.Build.0 = Debug|Win32
		{8A5D1524-A518-445F-9B33-E5E484A114F1}.Release|x64.ActiveCfg = Release|x64
		{8A5D1524-A518-445F-9B33-E5E484A114F1}.Release|x64.Build.0 = Release|x64
		{8A5D1524-A518-445F-9B33-E5E484A114F1}.Release|x86.ActiveCfg = Release|Win32
		{8A5D1524-A518-445F-9B33-E5E484A114F1}.Release|x86.Build.0 = Release|Win32
		{9EE707DB-C4FA-4F99-9620-3113A81AD939}.Debug|x64.ActiveCfg = Debug|x64
		{9EE707DB-C4FA-4F99-9620-3113A81AD939}.Debug|x64.Build.0 = Debug|x64
		{9EE707DB-C4FA-4F99-9620-3113A81AD939}.Debug|x86.ActiveCfg = Debug|Win32
		{9EE707DB-C4FA-4F99-9620-3113A81AD939}.Debug|x86.Build.0 = Debug|Win32
		{9EE707DB-C4FA-4F99-9620-3113A81AD939}.Release|x64.ActiveCfg = Release|x64
		{9EE707DB-C4FA-4F99-9620-3113A81AD939}.Release|x64.Build.0 = Release|x64
		{9EE707DB-C4FA-4F99-9620-3113A81AD939}.Release|x86.ActiveCfg = Release|Win32
		{9EE707DB-C4FA-4F99-9620-3113A81AD939}.Release|x86.Build.0 = Release|Win32
		{C44C5B95-30D5-4575-B38C-8AD6349EC949}.Debug|x64.ActiveCfg = Debug|x64
		{C44C5B95-30D5-4575-B38C-8AD6349EC949}.Debug|x64.Build.0 = Debug|x64
		{C44C5B95-30D5-4575-B38C-8AD6349EC949}.Debug|x86.ActiveCfg = Debug|Win32
		{C44C5B95-30D5-4575-B38C-8AD6349EC949}.Debug|x86.Build.0 = Debug|Win32
		{C44C5B95-30D5-4575-B38C-8AD6349EC949}.Release|x64.ActiveCfg = Release|x64
		{C44C5B95-30D5-4575-B38C-8AD6349EC949}.Release|x64.Build.0 = Release|x64
		{C44C5B95-30D5-4575-B38C-8AD6349EC949}.Release|x86.ActiveCfg = Release|Win32
		{C44C5B95-30D5-4575-B38C-8AD6349EC949}.Release|x86.Build.0 = Release|Win32
		{CC8EB88D-AAC1-4E86-AFB4-D53DB0493F90}.Debug|x64.ActiveCfg = Debug|x64
		{CC8EB88D-AAC1-4E86-AFB4-D53DB0493F90}.Debug|x64.Build.0 = Debug|x64
		{CC8EB88D-AAC1-4E86-AFB4-D53DB0493F90}.Debug|x86.ActiveCfg = Debug|Win32
		{CC8EB88D-AAC1-4E86-AFB4-D53DB0493F90}.Debug|x86.Build.0 = Debug|Win32
		{CC8EB88D-AAC1-4E86-AFB4-D53DB0493F90}.Release|x64.ActiveCfg = Release|x64
		{CC8EB88D-AAC1-4E86-AFB4-D53DB0493F90}.Release|x64.Build.0 = Release|x64
		{CC8EB88D-AAC1-4E86-AFB4-D53DB0493F90}.Release|x86.ActiveCfg = Release|Win32
		{CC8EB88D-AAC1-4E86-AFB4-D53DB0493F90}.Release|x86.Build.0 = Release|Win32
		{220A9402-AFB4-427B-8B6D-8FE157BBC939}.Debug|x64.ActiveCfg = Debug|x64
		{220A9402-AFB4-427B-8B6D-8FE157BBC939}.Debug|x64.Build.0 = Debug|x64
		{220A9402-AFB4-427B-8B6D-8FE157BBC939}.Debug|x86.ActiveCfg = Debug|Win32
		{220A9402-AFB4-427B-8B6D-8FE157BBC939}.Debug|x86.Build.0 = Debug|Win32
		{220A9402-AFB4-427B-8B6D-8FE157BBC939}.Release|x64.ActiveCfg = Release|x64
		{220A9402-AFB4-427B-8B6D-8FE157BBC939}.Release|x64.Build.0 = Release|x64
		{220A9402-AFB4-427B-8B6D-8FE157BBC939}.Release|x86.ActiveCfg = Release|Win32
		{220A9402-AFB4-427B-8B6D-8FE157BBC939}.Release|x86.Build.0 = Release|Win32
		{3F009CA3-AED0-42D6-B96F-340096917FAE}.Debug|x64.ActiveCfg = Debug|x64
		{3F009CA3-AED0-42D6-B96F-340096917FAE}.Debug|x64.Build.0 = Debug|x64
		{3F009CA3-AED0-42D6-B96F-340096917FAE}.Debug|x86.ActiveCfg = Debug|Win32
		{3F009CA3-AED0-42D6-B96F-340096917FAE}.Debug|x86.Build.0 = Debug|Win32
		{3F009CA3-AED0-42D6-B96F-340096917FAE}.Release|x64.ActiveCfg = Release|x64
		{3F009CA3-AED0-42D6-B96F-340096917FAE}.Release|x64.Build.0 = Release|x64
		{3F009CA3-AED0-42D6-B96F-340096917FAE}.Release|x86.ActiveCfg = Release|Win32
		{3F009CA3-AED0-42D6-B96F-340096917FAE}.Release|x86.Build.0 = Release|Win32
		{2BFF5BB5-F26C-4DAA-9149-7EBB11A80B63}.Debug|x64.ActiveCfg = Debug|x64
		{2BFF5BB5-F26C-4DAA-9149-7EBB11A80B63}.Debug|x64.Build.0 = Debug|x64
		{2BFF5BB5-F26C-4DAA-9149-7EBB11A80B63}.Debug|x86.ActiveCfg = Debug|Win32
		{2BFF5BB5-F26C-4DAA-9149-7EBB11A80B63}.Debug|x86.Build.0 = Debug|Win32
		{2BFF5BB5-F26C-4DAA-9149-7EBB11A80B63}.Release|x64.ActiveCfg = Release|x64
		{2BFF5BB5-F26C-4DAA-9149-7EBB11A80B63}.Release|x64.Build.0 = Release|x64
		{2BFF5BB5-F26C-4DAA-9149-7EBB11A80B63}.Release|x86.ActiveCfg = Release|Win32
		{2BFF5BB5-F26C-4DAA-9149-7EBB11A80B63}.Release|x86.Build.0 = Release|Win32
		{5227C7B7-2BFC-4AD4-919B-489BEE8F9DF1}.Debug|x64.ActiveCfg = Debug|x64
		{5227C7B7-2BFC-4AD4-919B-489BEE8F9DF1}.Debug|x64.Build.0 = Debug|x64
		{5227C7B7-2BFC-4AD4-919B-489BEE8F9DF1}.Debug|x86.ActiveCfg = Debug|Win32
		{5227C7B7-2BFC-4AD4-919B-489BEE8F9DF1}.Debug|x86.Build.0 = Debug|Win32
		{5227C7B7-2BFC-4AD4-919B-489BEE8F9DF1}.Release|x64.ActiveCfg = Release|x64
		{5227C7B7-2BFC-4AD4-919B-489BEE8F9DF1}.Release|x64.Build.0 = Release|x64
		{5227C7B7-2BFC-4AD4-919B-489BEE8F9DF1}.Release|x86.ActiveCfg = Release|Win32
		{5227C7B7-2BFC-4AD4-919B-489BEE8F9DF1}.Release|x86.Build.0 = Release|Win32
		{5E68C2A8-481B-4728-B3E2-44BF573AEC09}.Debug|x64.ActiveCfg = Debug|x64
		{5E68C2A8-481B-4728-B3E2-44BF573AEC09}.Debug|x64.Build.0 = Debug|x64
		{5E68C2A8-481B-4728-B3E2-44BF573AEC09}.Debug|x86.ActiveCfg = Debug|Win32
		{5E68C2A8-481B-4728-B3E2-44BF573AEC09}.Debug|x86.Build.0 = Debug|Win32
		{5E68C2A8-481B-4728-B3E2-44BF573AEC09}.Release|x64.ActiveCfg = Release|x64
		{5E68C2A8-481B-4728-B3E2-44BF573AEC09}.Release|x64.Build.0 = Release|x64
		{5E68C2A8-481B-4728-B3E2-44BF573AEC09}.Release|x86.ActiveCfg = Release|Win32
		{5E68C2A8-481B-4728-B3E2-44BF573AEC09}.Release|x86.Build.0 = Release|Win32
		{4CB41052-31A0-49A8-BB94-9F2C05CCA236}.Debug|x64.ActiveCfg = Debug|x64
		{4CB41052-31A0-49A8-BB94-9F2C05CCA236}.Debug|x64.Build.0 = Debug|x64
		{4CB41052-31A0-49A8-BB94-9F2C05CCA236}.Debug|x86.ActiveCfg = Debug|Win32
		{4CB41052-31A0-49A8-BB94-9F2C05CCA236}.Debug|x86.Build.0 = Debug|Win32
		{4CB41052-31A0-49A8-BB94-9F2C05CCA236}.Release|x64.ActiveCfg = Release|x64
		{4CB41052-31A0-49A8-BB94-9F2C05CCA236}.Release|x64.Build.0 = Release|x64
		{4CB41052-31A0-49A8-BB94-9F2C05CCA236}.Release|x86.ActiveCfg = Release|Win32
		{4CB41052-31A0-49A8-BB94-9F2C05CCA236}.Release|x86.Build.0 = Release|Win32
		{FA5B08B6-C663-4C4D-B196-086FE35CF288}.Debug|x64.ActiveCfg = Debug|x64
		{FA5B08B6-C663-4C4D-B196-086FE35CF288}.Debug|x64.Build.0 = Debug|x64
		{FA5B08B6-C663-4C4D-B196-086FE35CF288}.Debug|x86.ActiveCfg = Debug|Win32
		{FA5B08B6-C663-4C4D-B196-086FE35CF288}.Debug|x86.Build.0 = Debug|Win32
		{FA5B08B6-C663-4C4D-B196-086FE35CF288}.Release|x64.ActiveCfg = Release|x64
		{FA5B08B6-C663-4C4D-B196-086FE35CF288}.Release|x64.Build.0 = Release|x64
		{FA5B08B6-C663-4C4D-B196-086FE35CF288}.Release|x86.ActiveCfg = Release|Win32
		{FA5B08B6-C663-4C4D-B196-086FE35CF288}.Release|x86.Build.0 = Release|Win32
		{05486B08-25C2-4287-84D2-8FDF08C58ED4}.Debug|x64.ActiveCfg = Debug|x64
		{05486B08-25C2-4287-84D2-8FDF08C58ED4}.Debug|x64.Build.0 = Debug|x64
		{05486B08-25C2-4287-84D2-8FDF08C58ED4}.Debug|x86.ActiveCfg = Debug|Win32
		{05486B08-25C2-4287-84D2-8FDF08C58ED4}.Debug|x86.Build.0 = Debug|Win32
		{05486B08-25C2-4287-84D2-8FDF08C58ED4}.Release|x64.ActiveCfg = Release|x64
		{05486B08-25C2-4287-84D2-8FDF08C58ED4}.Release|x64.Build.0 = Release|x64
		{05486B08-25C2-4287-84D2-8FDF08C58ED4}.Release|x86.ActiveCfg = Release|Win32
		{05486B08-25C2-4287-84D2-8FDF08C58ED4}.Release|x86.Build.0 = Release|Win32
		{73657BF5-5572-43FE-B6C3-99DD6AAC3C2A}.Debug|x64.ActiveCfg = Debug|x64
		{73657BF5-5572-43FE-B6C3-99DD6AAC3C2A}.Debug|x64.Build.0 = Debug|x64
		{73657BF5-5572-43FE-B6C3-99DD6AAC3C2A}.Debug|x86.ActiveCfg = Debug|Win32
		{73657BF5-5572-43FE-B6C3-99DD6AAC3C2A}.Debug|x86.Build.0 = Debug|Win32
		{73657BF5-5572-43FE-B6C3-99DD6AAC3C2A}.Release|x64.ActiveCfg = Release|x64
		{73657BF5-5572-43FE-B6C3-99DD6AAC3C2A}.Release|x64.Build.0 = Release|x64
		{73657BF5-5572-43FE-B6C3-99DD6AAC3C2A}.Release|x86.ActiveCfg = Release|Win32
		{73657BF5-5572-43FE-B6C3-99DD6AAC3C2A}.Release|x86.Build.0 = Release|Win32
	EndGlobalSection
	GlobalSection(SolutionProperties) = preSolution
		HideSolutionNode = FALSE
	EndGlobalSection
	GlobalSection(ExtensibilityGlobals) = postSolution
		SolutionGuid = {6BFD9792-899E-4A31-90B1-5632999ECB85}
	EndGlobalSection
EndGlobal
