
Microsoft Visual Studio Solution File, Format Version 12.00
# Visual Studio Version 16
VisualStudioVersion = 16.0.29409.12
MinimumVisualStudioVersion = 10.0.40219.1
Project("{FAE04EC0-301F-11D3-BF4B-00C04F79EFBC}") = "5.Infostealer", "5.Infostealer.csproj", "{0F4789A0-B7ED-4AC4-B491-45029AD0DF0E}"
EndProject
Global
	GlobalSection(SolutionConfigurationPlatforms) = preSolution
		Debug|Any CPU = Debug|Any CPU
		Release|Any CPU = Release|Any CPU
	EndGlobalSection
	GlobalSection(ProjectConfigurationPlatforms) = postSolution
		{0F4789A0-B7ED-4AC4-B491-45029AD0DF0E}.Debug|Any CPU.ActiveCfg = Debug|Any CPU
		{0F4789A0-B7ED-4AC4-B491-45029AD0DF0E}.Debug|Any CPU.Build.0 = Debug|Any CPU
		{0F4789A0-B7ED-4AC4-B491-45029AD0DF0E}.Release|Any CPU.ActiveCfg = Release|Any CPU
		{0F4789A0-B7ED-4AC4-B491-45029AD0DF0E}.Release|Any CPU.Build.0 = Release|Any CPU
	EndGlobalSection
	GlobalSection(SolutionProperties) = preSolution
		HideSolutionNode = FALSE
	EndGlobalSection
	GlobalSection(ExtensibilityGlobals) = postSolution
		SolutionGuid = {5EA5EAC1-1616-43C2-84EF-B4EC724375C6}
	EndGlobalSection
EndGlobal
