
Microsoft Visual Studio Solution File, Format Version 12.00
# Visual Studio Version 16
VisualStudioVersion = 16.0.29409.12
MinimumVisualStudioVersion = 10.0.40219.1
Project("{8BC9CEB8-8B4A-11D0-8D11-00A0C91BC942}") = "WindowsSystemHacking", "WindowsSystemHacking.vcxproj", "{83837916-A898-4E29-873D-A2FDD3E88A88}"
EndProject
Global
	GlobalSection(SolutionConfigurationPlatforms) = preSolution
		Debug|x64 = Debug|x64
		Debug|x86 = Debug|x86
		Release|x64 = Release|x64
		Release|x86 = Release|x86
	EndGlobalSection
	GlobalSection(ProjectConfigurationPlatforms) = postSolution
		{83837916-A898-4E29-873D-A2FDD3E88A88}.Debug|x64.ActiveCfg = Debug|x64
		{83837916-A898-4E29-873D-A2FDD3E88A88}.Debug|x64.Build.0 = Debug|x64
		{83837916-A898-4E29-873D-A2FDD3E88A88}.Debug|x86.ActiveCfg = Debug|Win32
		{83837916-A898-4E29-873D-A2FDD3E88A88}.Debug|x86.Build.0 = Debug|Win32
		{83837916-A898-4E29-873D-A2FDD3E88A88}.Release|x64.ActiveCfg = Release|x64
		{83837916-A898-4E29-873D-A2FDD3E88A88}.Release|x64.Build.0 = Release|x64
		{83837916-A898-4E29-873D-A2FDD3E88A88}.Release|x86.ActiveCfg = Release|Win32
		{83837916-A898-4E29-873D-A2FDD3E88A88}.Release|x86.Build.0 = Release|Win32
	EndGlobalSection
	GlobalSection(SolutionProperties) = preSolution
		HideSolutionNode = FALSE
	EndGlobalSection
	GlobalSection(ExtensibilityGlobals) = postSolution
		SolutionGuid = {57555B9C-6E49-4901-B342-E348CAE9CB6F}
	EndGlobalSection
EndGlobal
